
Microsoft Visual Studio Solution File, Format Version 12.00
# Visual Studio Version 17
VisualStudioVersion = 17.13.36105.23 d17.13
MinimumVisualStudioVersion = 10.0.40219.1
Project("{FAE04EC0-301F-11D3-BF4B-00C04F79EFBC}") = "GameZone", "GameZone.csproj", "{3A67E433-A482-421A-B39C-EE02E13A3396}"
EndProject
Global
	GlobalSection(SolutionConfigurationPlatforms) = preSolution
		Debug|Any CPU = Debug|Any CPU
		Release|Any CPU = Release|Any CPU
	EndGlobalSection
	GlobalSection(ProjectConfigurationPlatforms) = postSolution
		{3A67E433-A482-421A-B39C-EE02E13A3396}.Debug|Any CPU.ActiveCfg = Debug|Any CPU
		{3A67E433-A482-421A-B39C-EE02E13A3396}.Debug|Any CPU.Build.0 = Debug|Any CPU
		{3A67E433-A482-421A-B39C-EE02E13A3396}.Release|Any CPU.ActiveCfg = Release|Any CPU
		{3A67E433-A482-421A-B39C-EE02E13A3396}.Release|Any CPU.Build.0 = Release|Any CPU
	EndGlobalSection
	GlobalSection(SolutionProperties) = preSolution
		HideSolutionNode = FALSE
	EndGlobalSection
	GlobalSection(ExtensibilityGlobals) = postSolution
		SolutionGuid = {6DBE335E-AA1B-403A-99AE-D16C1E94502B}
	EndGlobalSection
EndGlobal
